
Microsoft Visual Studio Solution File, Format Version 12.00
# Visual Studio Version 17
VisualStudioVersion = 17.10.35201.131
MinimumVisualStudioVersion = 10.0.40219.1
Project("{FAE04EC0-301F-11D3-BF4B-00C04F79EFBC}") = "SupportTicketSystem", "SupportTicketSystem\SupportTicketSystem.csproj", "{2EE9749C-9BD7-4641-9782-FF55B88F40A0}"
EndProject
Global
	GlobalSection(SolutionConfigurationPlatforms) = preSolution
		Debug|Any CPU = Debug|Any CPU
		Release|Any CPU = Release|Any CPU
	EndGlobalSection
	GlobalSection(ProjectConfigurationPlatforms) = postSolution
		{2EE9749C-9BD7-4641-9782-FF55B88F40A0}.Debug|Any CPU.ActiveCfg = Debug|Any CPU
		{2EE9749C-9BD7-4641-9782-FF55B88F40A0}.Debug|Any CPU.Build.0 = Debug|Any CPU
		{2EE9749C-9BD7-4641-9782-FF55B88F40A0}.Release|Any CPU.ActiveCfg = Release|Any CPU
		{2EE9749C-9BD7-4641-9782-FF55B88F40A0}.Release|Any CPU.Build.0 = Release|Any CPU
	EndGlobalSection
	GlobalSection(SolutionProperties) = preSolution
		HideSolutionNode = FALSE
	EndGlobalSection
	GlobalSection(ExtensibilityGlobals) = postSolution
		SolutionGuid = {337C27FB-EE61-4730-BEB6-91F254496E8A}
	EndGlobalSection
EndGlobal
